
Microsoft Visual Studio Solution File, Format Version 12.00
# Visual Studio 14
VisualStudioVersion = 14.0.23107.0
MinimumVisualStudioVersion = 10.0.40219.1
Project("{FAE04EC0-301F-11D3-BF4B-00C04F79EFBC}") = "Boligf.Api", "Boligf.Api\Boligf.Api.csproj", "{BD069F70-82C9-4D7A-9AE9-F0F8539CDB8A}"
EndProject
Project("{2150E333-8FDC-42A3-9474-1A3956D46DE8}") = "Tests", "Tests", "{81D1B558-9DAF-4B3B-B9C6-D806512721D7}"
EndProject
Project("{FAE04EC0-301F-11D3-BF4B-00C04F79EFBC}") = "Boligf.Api.Tests", "Boligf.Api.Tests\Boligf.Api.Tests.csproj", "{CD7E7128-A6FE-4FC8-B89E-9EEA705515D8}"
EndProject
Global
	GlobalSection(SolutionConfigurationPlatforms) = preSolution
		Debug|Any CPU = Debug|Any CPU
		Release|Any CPU = Release|Any CPU
	EndGlobalSection
	GlobalSection(ProjectConfigurationPlatforms) = postSolution
		{BD069F70-82C9-4D7A-9AE9-F0F8539CDB8A}.Debug|Any CPU.ActiveCfg = Debug|Any CPU
		{BD069F70-82C9-4D7A-9AE9-F0F8539CDB8A}.Debug|Any CPU.Build.0 = Debug|Any CPU
		{BD069F70-82C9-4D7A-9AE9-F0F8539CDB8A}.Release|Any CPU.ActiveCfg = Release|Any CPU
		{BD069F70-82C9-4D7A-9AE9-F0F8539CDB8A}.Release|Any CPU.Build.0 = Release|Any CPU
		{CD7E7128-A6FE-4FC8-B89E-9EEA705515D8}.Debug|Any CPU.ActiveCfg = Debug|Any CPU
		{CD7E7128-A6FE-4FC8-B89E-9EEA705515D8}.Debug|Any CPU.Build.0 = Debug|Any CPU
		{CD7E7128-A6FE-4FC8-B89E-9EEA705515D8}.Release|Any CPU.ActiveCfg = Release|Any CPU
		{CD7E7128-A6FE-4FC8-B89E-9EEA705515D8}.Release|Any CPU.Build.0 = Release|Any CPU
	EndGlobalSection
	GlobalSection(SolutionProperties) = preSolution
		HideSolutionNode = FALSE
	EndGlobalSection
	GlobalSection(NestedProjects) = preSolution
		{CD7E7128-A6FE-4FC8-B89E-9EEA705515D8} = {81D1B558-9DAF-4B3B-B9C6-D806512721D7}
	EndGlobalSection
EndGlobal
