
Microsoft Visual Studio Solution File, Format Version 12.00
# Visual Studio 2013
VisualStudioVersion = 12.0.31101.0
MinimumVisualStudioVersion = 10.0.40219.1
Project("{FAE04EC0-301F-11D3-BF4B-00C04F79EFBC}") = "Boligf.Web", "Boligf.Web\Boligf.Web.csproj", "{8B64AB8F-9884-49C2-A908-2FC88ABFE561}"
EndProject
Project("{FAE04EC0-301F-11D3-BF4B-00C04F79EFBC}") = "Boligf.Api", "Boligf.Api\Boligf.Api.csproj", "{BD069F70-82C9-4D7A-9AE9-F0F8539CDB8A}"
	ProjectSection(ProjectDependencies) = postProject
		{05633FBD-7CEF-433A-8FD2-7A57D63CC7AB} = {05633FBD-7CEF-433A-8FD2-7A57D63CC7AB}
	EndProjectSection
EndProject
Project("{FAE04EC0-301F-11D3-BF4B-00C04F79EFBC}") = "Boligf.Application", "Boligf.Application\Boligf.Application.csproj", "{05633FBD-7CEF-433A-8FD2-7A57D63CC7AB}"
	ProjectSection(ProjectDependencies) = postProject
		{2B46A0CF-CEEB-439A-BD6D-4AF9F5DEA6AE} = {2B46A0CF-CEEB-439A-BD6D-4AF9F5DEA6AE}
	EndProjectSection
EndProject
Project("{FAE04EC0-301F-11D3-BF4B-00C04F79EFBC}") = "Boligf.DataAccess", "Boligf.DataAccess\Boligf.DataAccess.csproj", "{2B46A0CF-CEEB-439A-BD6D-4AF9F5DEA6AE}"
EndProject
Project("{2150E333-8FDC-42A3-9474-1A3956D46DE8}") = "Application", "Application", "{C30DDC23-9DB5-486A-886C-88EB16C6D2C1}"
EndProject
Project("{2150E333-8FDC-42A3-9474-1A3956D46DE8}") = "Tests", "Tests", "{81D1B558-9DAF-4B3B-B9C6-D806512721D7}"
EndProject
Project("{FAE04EC0-301F-11D3-BF4B-00C04F79EFBC}") = "Boligf.Application.Tests", "Boligf.Application.Tests\Boligf.Application.Tests.csproj", "{4EE1BF51-70C3-429A-B366-1E7BDCF2646B}"
EndProject
Project("{FAE04EC0-301F-11D3-BF4B-00C04F79EFBC}") = "Boligf.DataAccess.Tests", "Boligf.DataAccess.Tests\Boligf.DataAccess.Tests.csproj", "{863DCEB3-C30C-499B-B88A-ACDD5DA8A5A1}"
EndProject
Project("{FAE04EC0-301F-11D3-BF4B-00C04F79EFBC}") = "Boligf.Api.Tests", "Boligf.Api.Tests\Boligf.Api.Tests.csproj", "{CD7E7128-A6FE-4FC8-B89E-9EEA705515D8}"
EndProject
Project("{2150E333-8FDC-42A3-9474-1A3956D46DE8}") = "Web", "Web", "{D69906B6-E182-4F66-B53C-2AFCA601596B}"
EndProject
Global
	GlobalSection(SolutionConfigurationPlatforms) = preSolution
		Debug|Any CPU = Debug|Any CPU
		Release|Any CPU = Release|Any CPU
	EndGlobalSection
	GlobalSection(ProjectConfigurationPlatforms) = postSolution
		{8B64AB8F-9884-49C2-A908-2FC88ABFE561}.Debug|Any CPU.ActiveCfg = Debug|Any CPU
		{8B64AB8F-9884-49C2-A908-2FC88ABFE561}.Debug|Any CPU.Build.0 = Debug|Any CPU
		{8B64AB8F-9884-49C2-A908-2FC88ABFE561}.Release|Any CPU.ActiveCfg = Release|Any CPU
		{8B64AB8F-9884-49C2-A908-2FC88ABFE561}.Release|Any CPU.Build.0 = Release|Any CPU
		{BD069F70-82C9-4D7A-9AE9-F0F8539CDB8A}.Debug|Any CPU.ActiveCfg = Debug|Any CPU
		{BD069F70-82C9-4D7A-9AE9-F0F8539CDB8A}.Debug|Any CPU.Build.0 = Debug|Any CPU
		{BD069F70-82C9-4D7A-9AE9-F0F8539CDB8A}.Release|Any CPU.ActiveCfg = Release|Any CPU
		{BD069F70-82C9-4D7A-9AE9-F0F8539CDB8A}.Release|Any CPU.Build.0 = Release|Any CPU
		{05633FBD-7CEF-433A-8FD2-7A57D63CC7AB}.Debug|Any CPU.ActiveCfg = Debug|Any CPU
		{05633FBD-7CEF-433A-8FD2-7A57D63CC7AB}.Debug|Any CPU.Build.0 = Debug|Any CPU
		{05633FBD-7CEF-433A-8FD2-7A57D63CC7AB}.Release|Any CPU.ActiveCfg = Release|Any CPU
		{05633FBD-7CEF-433A-8FD2-7A57D63CC7AB}.Release|Any CPU.Build.0 = Release|Any CPU
		{2B46A0CF-CEEB-439A-BD6D-4AF9F5DEA6AE}.Debug|Any CPU.ActiveCfg = Debug|Any CPU
		{2B46A0CF-CEEB-439A-BD6D-4AF9F5DEA6AE}.Debug|Any CPU.Build.0 = Debug|Any CPU
		{2B46A0CF-CEEB-439A-BD6D-4AF9F5DEA6AE}.Release|Any CPU.ActiveCfg = Release|Any CPU
		{2B46A0CF-CEEB-439A-BD6D-4AF9F5DEA6AE}.Release|Any CPU.Build.0 = Release|Any CPU
		{4EE1BF51-70C3-429A-B366-1E7BDCF2646B}.Debug|Any CPU.ActiveCfg = Debug|Any CPU
		{4EE1BF51-70C3-429A-B366-1E7BDCF2646B}.Debug|Any CPU.Build.0 = Debug|Any CPU
		{4EE1BF51-70C3-429A-B366-1E7BDCF2646B}.Release|Any CPU.ActiveCfg = Release|Any CPU
		{4EE1BF51-70C3-429A-B366-1E7BDCF2646B}.Release|Any CPU.Build.0 = Release|Any CPU
		{863DCEB3-C30C-499B-B88A-ACDD5DA8A5A1}.Debug|Any CPU.ActiveCfg = Debug|Any CPU
		{863DCEB3-C30C-499B-B88A-ACDD5DA8A5A1}.Debug|Any CPU.Build.0 = Debug|Any CPU
		{863DCEB3-C30C-499B-B88A-ACDD5DA8A5A1}.Release|Any CPU.ActiveCfg = Release|Any CPU
		{863DCEB3-C30C-499B-B88A-ACDD5DA8A5A1}.Release|Any CPU.Build.0 = Release|Any CPU
		{CD7E7128-A6FE-4FC8-B89E-9EEA705515D8}.Debug|Any CPU.ActiveCfg = Debug|Any CPU
		{CD7E7128-A6FE-4FC8-B89E-9EEA705515D8}.Debug|Any CPU.Build.0 = Debug|Any CPU
		{CD7E7128-A6FE-4FC8-B89E-9EEA705515D8}.Release|Any CPU.ActiveCfg = Release|Any CPU
		{CD7E7128-A6FE-4FC8-B89E-9EEA705515D8}.Release|Any CPU.Build.0 = Release|Any CPU
	EndGlobalSection
	GlobalSection(SolutionProperties) = preSolution
		HideSolutionNode = FALSE
	EndGlobalSection
	GlobalSection(NestedProjects) = preSolution
		{8B64AB8F-9884-49C2-A908-2FC88ABFE561} = {D69906B6-E182-4F66-B53C-2AFCA601596B}
		{BD069F70-82C9-4D7A-9AE9-F0F8539CDB8A} = {D69906B6-E182-4F66-B53C-2AFCA601596B}
		{05633FBD-7CEF-433A-8FD2-7A57D63CC7AB} = {C30DDC23-9DB5-486A-886C-88EB16C6D2C1}
		{2B46A0CF-CEEB-439A-BD6D-4AF9F5DEA6AE} = {C30DDC23-9DB5-486A-886C-88EB16C6D2C1}
		{4EE1BF51-70C3-429A-B366-1E7BDCF2646B} = {81D1B558-9DAF-4B3B-B9C6-D806512721D7}
		{863DCEB3-C30C-499B-B88A-ACDD5DA8A5A1} = {81D1B558-9DAF-4B3B-B9C6-D806512721D7}
		{CD7E7128-A6FE-4FC8-B89E-9EEA705515D8} = {81D1B558-9DAF-4B3B-B9C6-D806512721D7}
	EndGlobalSection
EndGlobal
